// !$*UTF8*$!
{
	archiveVersion = 1;
	classes = {
	};
	objectVersion = 46;
	objects = {

/* Begin PBXBuildFile section */
		A33A24A31DB0B41B00C252A7 /* AppDelegate.swift in Sources */ = {isa = PBXBuildFile; fileRef = A33A24A21DB0B41B00C252A7 /* AppDelegate.swift */; };
		A33A24A51DB0B41B00C252A7 /* ViewController.swift in Sources */ = {isa = PBXBuildFile; fileRef = A33A24A41DB0B41B00C252A7 /* ViewController.swift */; };
		A33A24A81DB0B41B00C252A7 /* Main.storyboard in Resources */ = {isa = PBXBuildFile; fileRef = A33A24A61DB0B41B00C252A7 /* Main.storyboard */; };
		A33A24AA1DB0B41B00C252A7 /* Assets.xcassets in Resources */ = {isa = PBXBuildFile; fileRef = A33A24A91DB0B41B00C252A7 /* Assets.xcassets */; };
		A33A24AD1DB0B41B00C252A7 /* LaunchScreen.storyboard in Resources */ = {isa = PBXBuildFile; fileRef = A33A24AB1DB0B41B00C252A7 /* LaunchScreen.storyboard */; };
/* End PBXBuildFile section */

/* Begin PBXFileReference section */
		A33A249F1DB0B41B00C252A7 /* DropboxHomework.app */ = {isa = PBXFileReference; explicitFileType = wrapper.application; includeInIndex = 0; path = DropboxHomework.app; sourceTree = BUILT_PRODUCTS_DIR; };
		A33A24A21DB0B41B00C252A7 /* AppDelegate.swift */ = {isa = PBXFileReference; lastKnownFileType = sourcecode.swift; path = AppDelegate.swift; sourceTree = "<group>"; };
		A33A24A41DB0B41B00C252A7 /* ViewController.swift */ = {isa = PBXFileReference; lastKnownFileType = sourcecode.swift; path = ViewController.swift; sourceTree = "<group>"; };
		A33A24A71DB0B41B00C252A7 /* Base */ = {isa = PBXFileReference; lastKnownFileType = file.storyboard; name = Base; path = Base.lproj/Main.storyboard; sourceTree = "<group>"; };
		A33A24A91DB0B41B00C252A7 /* Assets.xcassets */ = {isa = PBXFileReference; lastKnownFileType = folder.assetcatalog; path = Assets.xcassets; sourceTree = "<group>"; };
		A33A24AC1DB0B41B00C252A7 /* Base */ = {isa = PBXFileReference; lastKnownFileType = file.storyboard; name = Base; path = Base.lproj/LaunchScreen.storyboard; sourceTree = "<group>"; };
		A33A24AE1DB0B41B00C252A7 /* Info.plist */ = {isa = PBXFileReference; lastKnownFileType = text.plist.xml; path = Info.plist; sourceTree = "<group>"; };
/* End PBXFileReference section */

/* Begin PBXFrameworksBuildPhase section */
		A33A249C1DB0B41B00C252A7 /* Frameworks */ = {
			isa = PBXFrameworksBuildPhase;
			buildActionMask = 2147483647;
			files = (
			);
			runOnlyForDeploymentPostprocessing = 0;
		};
/* End PBXFrameworksBuildPhase section */

/* Begin PBXGroup section */
		A32B031A1DB5998700F3889D /* ViewControllersCode */ = {
			isa = PBXGroup;
			children = (
			);
			name = ViewControllersCode;
			sourceTree = "<group>";
		};
		A33A24961DB0B41B00C252A7 = {
			isa = PBXGroup;
			children = (
				A33A24A11DB0B41B00C252A7 /* DropboxHomework */,
				A33A24A01DB0B41B00C252A7 /* Products */,
			);
			sourceTree = "<group>";
		};
		A33A24A01DB0B41B00C252A7 /* Products */ = {
			isa = PBXGroup;
			children = (
				A33A249F1DB0B41B00C252A7 /* DropboxHomework.app */,
			);
			name = Products;
			sourceTree = "<group>";
		};
		A33A24A11DB0B41B00C252A7 /* DropboxHomework */ = {
			isa = PBXGroup;
			children = (
				A32B031A1DB5998700F3889D /* ViewControllersCode */,
				A33A24A21DB0B41B00C252A7 /* AppDelegate.swift */,
				A33A24A41DB0B41B00C252A7 /* ViewController.swift */,
				A33A24A61DB0B41B00C252A7 /* Main.storyboard */,
				A33A24A91DB0B41B00C252A7 /* Assets.xcassets */,
				A33A24AB1DB0B41B00C252A7 /* LaunchScreen.storyboard */,
				A33A24AE1DB0B41B00C252A7 /* Info.plist */,
			);
			path = DropboxHomework;
			sourceTree = "<group>";
		};
/* End PBXGroup section */

/* Begin PBXNativeTarget section */
		A33A249E1DB0B41B00C252A7 /* DropboxHomework */ = {
			isa = PBXNativeTarget;
			buildConfigurationList = A33A24B11DB0B41B00C252A7 /* Build configuration list for PBXNativeTarget "DropboxHomework" */;
			buildPhases = (
				A33A249B1DB0B41B00C252A7 /* Sources */,
				A33A249C1DB0B41B00C252A7 /* Frameworks */,
				A33A249D1DB0B41B00C252A7 /* Resources */,
			);
			buildRules = (
			);
			dependencies = (
			);
			name = DropboxHomework;
			productName = DropboxHomework;
			productReference = A33A249F1DB0B41B00C252A7 /* DropboxHomework.app */;
			productType = "com.apple.product-type.application";
		};
/* End PBXNativeTarget section */

/* Begin PBXProject section */
		A33A24971DB0B41B00C252A7 /* Project object */ = {
			isa = PBXProject;
			attributes = {
				LastSwiftUpdateCheck = 0800;
				LastUpgradeCheck = 0800;
				ORGANIZATIONNAME = "Doris Hernandez";
				TargetAttributes = {
					A33A249E1DB0B41B00C252A7 = {
						CreatedOnToolsVersion = 8.0;
						ProvisioningStyle = Automatic;
					};
				};
			};
			buildConfigurationList = A33A249A1DB0B41B00C252A7 /* Build configuration list for PBXProject "DropboxHomework" */;
			compatibilityVersion = "Xcode 3.2";
			developmentRegion = English;
			hasScannedForEncodings = 0;
			knownRegions = (
				en,
				Base,
			);
			mainGroup = A33A24961DB0B41B00C252A7;
			productRefGroup = A33A24A01DB0B41B00C252A7 /* Products */;
			projectDirPath = "";
			projectRoot = "";
			targets = (
				A33A249E1DB0B41B00C252A7 /* DropboxHomework */,
			);
		};
/* End PBXProject section */

/* Begin PBXResourcesBuildPhase section */
		A33A249D1DB0B41B00C252A7 /* Resources */ = {
			isa = PBXResourcesBuildPhase;
			buildActionMask = 2147483647;
			files = (
				A33A24AD1DB0B41B00C252A7 /* LaunchScreen.storyboard in Resources */,
				A33A24AA1DB0B41B00C252A7 /* Assets.xcassets in Resources */,
				A33A24A81DB0B41B00C252A7 /* Main.storyboard in Resources */,
			);
			runOnlyForDeploymentPostprocessing = 0;
		};
/* End PBXResourcesBuildPhase section */

/* Begin PBXSourcesBuildPhase section */
		A33A249B1DB0B41B00C252A7 /* Sources */ = {
			isa = PBXSourcesBuildPhase;
			buildActionMask = 2147483647;
			files = (
				A33A24A51DB0B41B00C252A7 /* ViewController.swift in Sources */,
				A33A24A31DB0B41B00C252A7 /* AppDelegate.swift in Sources */,
			);
			runOnlyForDeploymentPostprocessing = 0;
		};
/* End PBXSourcesBuildPhase section */

/* Begin PBXVariantGroup section */
		A33A24A61DB0B41B00C252A7 /* Main.storyboard */ = {
			isa = PBXVariantGroup;
			children = (
				A33A24A71DB0B41B00C252A7 /* Base */,
			);
			name = Main.storyboard;
			sourceTree = "<group>";
		};
		A33A24AB1DB0B41B00C252A7 /* LaunchScreen.storyboard */ = {
			isa = PBXVariantGroup;
			children = (
				A33A24AC1DB0B41B00C252A7 /* Base */,
			);
			name = LaunchScreen.storyboard;
			sourceTree = "<group>";
		};
/* End PBXVariantGroup section */

/* Begin XCBuildConfiguration section */
		A33A24AF1DB0B41B00C252A7 /* Debug */ = {
			isa = XCBuildConfiguration;
			buildSettings = {
				ALWAYS_SEARCH_USER_PATHS = NO;
				CLANG_ANALYZER_NONNULL = YES;
				CLANG_CXX_LANGUAGE_STANDARD = "gnu++0x";
				CLANG_CXX_LIBRARY = "libc++";
				CLANG_ENABLE_MODULES = YES;
				CLANG_ENABLE_OBJC_ARC = YES;
				CLANG_WARN_BOOL_CONVERSION = YES;
				CLANG_WARN_CONSTANT_CONVERSION = YES;
				CLANG_WARN_DIRECT_OBJC_ISA_USAGE = YES_ERROR;
				CLANG_WARN_DOCUMENTATION_COMMENTS = YES;
				CLANG_WARN_EMPTY_BODY = YES;
				CLANG_WARN_ENUM_CONVERSION = YES;
				CLANG_WARN_INFINITE_RECURSION = YES;
				CLANG_WARN_INT_CONVERSION = YES;
				CLANG_WARN_OBJC_ROOT_CLASS = YES_ERROR;
				CLANG_WARN_SUSPICIOUS_MOVES = YES;
				CLANG_WARN_UNREACHABLE_CODE = YES;
				CLANG_WARN__DUPLICATE_METHOD_MATCH = YES;
				"CODE_SIGN_IDENTITY[sdk=iphoneos*]" = "iPhone Developer";
				COPY_PHASE_STRIP = NO;
				DEBUG_INFORMATION_FORMAT = dwarf;
				ENABLE_STRICT_OBJC_MSGSEND = YES;
				ENABLE_TESTABILITY = YES;
				GCC_C_LANGUAGE_STANDARD = gnu99;
				GCC_DYNAMIC_NO_PIC = NO;
				GCC_NO_COMMON_BLOCKS = YES;
				GCC_OPTIMIZATION_LEVEL = 0;
				GCC_PREPROCESSOR_DEFINITIONS = (
					"DEBUG=1",
					"$(inherited)",
				);
				GCC_WARN_64_TO_32_BIT_CONVERSION = YES;
				GCC_WARN_ABOUT_RETURN_TYPE = YES_ERROR;
				GCC_WARN_UNDECLARED_SELECTOR = YES;
				GCC_WARN_UNINITIALIZED_AUTOS = YES_AGGRESSIVE;
				GCC_WARN_UNUSED_FUNCTION = YES;
				GCC_WARN_UNUSED_VARIABLE = YES;
				IPHONEOS_DEPLOYMENT_TARGET = 10.0;
				MTL_ENABLE_DEBUG_INFO = YES;
				ONLY_ACTIVE_ARCH = YES;
				SDKROOT = iphoneos;
				SWIFT_ACTIVE_COMPILATION_CONDITIONS = DEBUG;
				SWIFT_OPTIMIZATION_LEVEL = "-Onone";
			};
			name = Debug;
		};
		A33A24B01DB0B41B00C252A7 /* Release */ = {
			isa = XCBuildConfiguration;
			buildSettings = {
				ALWAYS_SEARCH_USER_PATHS = NO;
				CLANG_ANALYZER_NONNULL = YES;
				CLANG_CXX_LANGUAGE_STANDARD = "gnu++0x";
				CLANG_CXX_LIBRARY = "libc++";
				CLANG_ENABLE_MODULES = YES;
				CLANG_ENABLE_OBJC_ARC = YES;
				CLANG_WARN_BOOL_CONVERSION = YES;
				CLANG_WARN_CONSTANT_CONVERSION = YES;
				CLANG_WARN_DIRECT_OBJC_ISA_USAGE = YES_ERROR;
				CLANG_WARN_DOCUMENTATION_COMMENTS = YES;
				CLANG_WARN_EMPTY_BODY = YES;
				CLANG_WARN_ENUM_CONVERSION = YES;
				CLANG_WARN_INFINITE_RECURSION = YES;
				CLANG_WARN_INT_CONVERSION = YES;
				CLANG_WARN_OBJC_ROOT_CLASS = YES_ERROR;
				CLANG_WARN_SUSPICIOUS_MOVES = YES;
				CLANG_WARN_UNREACHABLE_CODE = YES;
				CLANG_WARN__DUPLICATE_METHOD_MATCH = YES;
				"CODE_SIGN_IDENTITY[sdk=iphoneos*]" = "iPhone Developer";
				COPY_PHASE_STRIP = NO;
				DEBUG_INFORMATION_FORMAT = "dwarf-with-dsym";
				ENABLE_NS_ASSERTIONS = NO;
				ENABLE_STRICT_OBJC_MSGSEND = YES;
				GCC_C_LANGUAGE_STANDARD = gnu99;
				GCC_NO_COMMON_BLOCKS = YES;
				GCC_WARN_64_TO_32_BIT_CONVERSION = YES;
				GCC_WARN_ABOUT_RETURN_TYPE = YES_ERROR;
				GCC_WARN_UNDECLARED_SELECTOR = YES;
				GCC_WARN_UNINITIALIZED_AUTOS = YES_AGGRESSIVE;
				GCC_WARN_UNUSED_FUNCTION = YES;
				GCC_WARN_UNUSED_VARIABLE = YES;
				IPHONEOS_DEPLOYMENT_TARGET = 10.0;
				MTL_ENABLE_DEBUG_INFO = NO;
				SDKROOT = iphoneos;
				SWIFT_OPTIMIZATION_LEVEL = "-Owholemodule";
				VALIDATE_PRODUCT = YES;
			};
			name = Release;
		};
		A33A24B21DB0B41B00C252A7 /* Debug */ = {
			isa = XCBuildConfiguration;
			buildSettings = {
				ASSETCATALOG_COMPILER_APPICON_NAME = AppIcon;
				INFOPLIST_FILE = DropboxHomework/Info.plist;
				LD_RUNPATH_SEARCH_PATHS = "$(inherited) @executable_path/Frameworks";
				PRODUCT_BUNDLE_IDENTIFIER = softko.DropboxHomework;
				PRODUCT_NAME = "$(TARGET_NAME)";
				SWIFT_VERSION = 3.0;
			};
			name = Debug;
		};
		A33A24B31DB0B41B00C252A7 /* Release */ = {
			isa = XCBuildConfiguration;
			buildSettings = {
				ASSETCATALOG_COMPILER_APPICON_NAME = AppIcon;
				INFOPLIST_FILE = DropboxHomework/Info.plist;
				LD_RUNPATH_SEARCH_PATHS = "$(inherited) @executable_path/Frameworks";
				PRODUCT_BUNDLE_IDENTIFIER = softko.DropboxHomework;
				PRODUCT_NAME = "$(TARGET_NAME)";
				SWIFT_VERSION = 3.0;
			};
			name = Release;
		};
/* End XCBuildConfiguration section */

/* Begin XCConfigurationList section */
		A33A249A1DB0B41B00C252A7 /* Build configuration list for PBXProject "DropboxHomework" */ = {
			isa = XCConfigurationList;
			buildConfigurations = (
				A33A24AF1DB0B41B00C252A7 /* Debug */,
				A33A24B01DB0B41B00C252A7 /* Release */,
			);
			defaultConfigurationIsVisible = 0;
			defaultConfigurationName = Release;
		};
		A33A24B11DB0B41B00C252A7 /* Build configuration list for PBXNativeTarget "DropboxHomework" */ = {
			isa = XCConfigurationList;
			buildConfigurations = (
				A33A24B21DB0B41B00C252A7 /* Debug */,
				A33A24B31DB0B41B00C252A7 /* Release */,
			);
			defaultConfigurationIsVisible = 0;
			defaultConfigurationName = Release;
		};
/* End XCConfigurationList section */
	};
	rootObject = A33A24971DB0B41B00C252A7 /* Project object */;
}
